// !$*UTF8*$!
{
	archiveVersion = 1;
	classes = {
	};
	objectVersion = 52;
	objects = {

/* Begin PBXBuildFile section */
		F406AF8F263AC198003FE943 /* UpdateNoteAction.swift in Sources */ = {isa = PBXBuildFile; fileRef = F406AF8E263AC198003FE943 /* UpdateNoteAction.swift */; };
		F406AF92263AC41C003FE943 /* DeleteNoteAction.swift in Sources */ = {isa = PBXBuildFile; fileRef = F406AF91263AC41C003FE943 /* DeleteNoteAction.swift */; };
		F444B0BF2638418300B6FA9D /* IQKeyboardManagerSwift in Frameworks */ = {isa = PBXBuildFile; productRef = F444B0BE2638418300B6FA9D /* IQKeyboardManagerSwift */; };
		F483ED082633012A00CC2DD7 /* AppDelegate.swift in Sources */ = {isa = PBXBuildFile; fileRef = F483ED072633012A00CC2DD7 /* AppDelegate.swift */; };
		F483ED0A2633012A00CC2DD7 /* SceneDelegate.swift in Sources */ = {isa = PBXBuildFile; fileRef = F483ED092633012A00CC2DD7 /* SceneDelegate.swift */; };
		F483ED0C2633012A00CC2DD7 /* ViewController.swift in Sources */ = {isa = PBXBuildFile; fileRef = F483ED0B2633012A00CC2DD7 /* ViewController.swift */; };
		F483ED0F2633012A00CC2DD7 /* Main.storyboard in Resources */ = {isa = PBXBuildFile; fileRef = F483ED0D2633012A00CC2DD7 /* Main.storyboard */; };
		F483ED112633012D00CC2DD7 /* Assets.xcassets in Resources */ = {isa = PBXBuildFile; fileRef = F483ED102633012D00CC2DD7 /* Assets.xcassets */; };
		F483ED142633012D00CC2DD7 /* LaunchScreen.storyboard in Resources */ = {isa = PBXBuildFile; fileRef = F483ED122633012D00CC2DD7 /* LaunchScreen.storyboard */; };
		F483ED1F2633012D00CC2DD7 /* noteappTests.swift in Sources */ = {isa = PBXBuildFile; fileRef = F483ED1E2633012D00CC2DD7 /* noteappTests.swift */; };
		F483ED2A2633012D00CC2DD7 /* noteappUITests.swift in Sources */ = {isa = PBXBuildFile; fileRef = F483ED292633012D00CC2DD7 /* noteappUITests.swift */; };
		F483ED462633023B00CC2DD7 /* SignUp.storyboard in Resources */ = {isa = PBXBuildFile; fileRef = F483ED452633023B00CC2DD7 /* SignUp.storyboard */; };
		F483ED4B2633024800CC2DD7 /* SignUpController.swift in Sources */ = {isa = PBXBuildFile; fileRef = F483ED4A2633024800CC2DD7 /* SignUpController.swift */; };
		F483ED532633041F00CC2DD7 /* AuthService.swift in Sources */ = {isa = PBXBuildFile; fileRef = F483ED522633041F00CC2DD7 /* AuthService.swift */; };
		F483ED5E263307B100CC2DD7 /* SwiftyJSON in Frameworks */ = {isa = PBXBuildFile; productRef = F483ED5D263307B100CC2DD7 /* SwiftyJSON */; };
		F483ED67263309A300CC2DD7 /* User.swift in Sources */ = {isa = PBXBuildFile; fileRef = F483ED66263309A300CC2DD7 /* User.swift */; };
		F4A53DC726348C6E00FC7FC5 /* Login.storyboard in Resources */ = {isa = PBXBuildFile; fileRef = F4A53DC626348C6E00FC7FC5 /* Login.storyboard */; };
		F4A53DCC26349C6E00FC7FC5 /* Home.storyboard in Resources */ = {isa = PBXBuildFile; fileRef = F4A53DCB26349C6E00FC7FC5 /* Home.storyboard */; };
		F4A53DD126349C7900FC7FC5 /* HomeController.swift in Sources */ = {isa = PBXBuildFile; fileRef = F4A53DD026349C7900FC7FC5 /* HomeController.swift */; };
		F4A53DD62634A0B800FC7FC5 /* AppState.swift in Sources */ = {isa = PBXBuildFile; fileRef = F4A53DD52634A0B800FC7FC5 /* AppState.swift */; };
		F4A53DE52634A58400FC7FC5 /* ReSwift in Frameworks */ = {isa = PBXBuildFile; productRef = F4A53DE42634A58400FC7FC5 /* ReSwift */; };
		F4A53DEB2634A5D900FC7FC5 /* SetUserAction.swift in Sources */ = {isa = PBXBuildFile; fileRef = F4A53DEA2634A5D900FC7FC5 /* SetUserAction.swift */; };
		F4A53DF02634A61600FC7FC5 /* Reducer.swift in Sources */ = {isa = PBXBuildFile; fileRef = F4A53DEF2634A61600FC7FC5 /* Reducer.swift */; };
		F4A53DF52634A6BF00FC7FC5 /* Store.swift in Sources */ = {isa = PBXBuildFile; fileRef = F4A53DF42634A6BF00FC7FC5 /* Store.swift */; };
		F4A53DFA2634B6E900FC7FC5 /* SignOutAction.swift in Sources */ = {isa = PBXBuildFile; fileRef = F4A53DF92634B6E900FC7FC5 /* SignOutAction.swift */; };
		F4A53E002634BC3300FC7FC5 /* KeychainSwift in Frameworks */ = {isa = PBXBuildFile; productRef = F4A53DFF2634BC3300FC7FC5 /* KeychainSwift */; };
		F4A53E102634BEFB00FC7FC5 /* String.swift in Sources */ = {isa = PBXBuildFile; fileRef = F4A53E0F2634BEFB00FC7FC5 /* String.swift */; };
		F4ABEBF12638DE4D00123D46 /* NoteDetail.storyboard in Resources */ = {isa = PBXBuildFile; fileRef = F4ABEBF02638DE4D00123D46 /* NoteDetail.storyboard */; };
		F4ABEBF32638DE5900123D46 /* NoteDetailController.swift in Sources */ = {isa = PBXBuildFile; fileRef = F4ABEBF22638DE5900123D46 /* NoteDetailController.swift */; };
		F4ABEBF52638E47900123D46 /* AddNotesAction.swift in Sources */ = {isa = PBXBuildFile; fileRef = F4ABEBF42638E47900123D46 /* AddNotesAction.swift */; };
		F4ABEBF72638E55A00123D46 /* NoteHelper.swift in Sources */ = {isa = PBXBuildFile; fileRef = F4ABEBF62638E55A00123D46 /* NoteHelper.swift */; };
		F4ABEBF92638F74600123D46 /* DateHelper.swift in Sources */ = {isa = PBXBuildFile; fileRef = F4ABEBF82638F74600123D46 /* DateHelper.swift */; };
		F4E8957F2637077B0030503E /* NoteService.swift in Sources */ = {isa = PBXBuildFile; fileRef = F4E8957E2637077B0030503E /* NoteService.swift */; };
		F4E89585263707CA0030503E /* Note.swift in Sources */ = {isa = PBXBuildFile; fileRef = F4E89584263707CA0030503E /* Note.swift */; };
		F4E895A1263726C30030503E /* AddNote.storyboard in Resources */ = {isa = PBXBuildFile; fileRef = F4E895A0263726C30030503E /* AddNote.storyboard */; };
		F4E895A62637347D0030503E /* AddNoteController.swift in Sources */ = {isa = PBXBuildFile; fileRef = F4E895A52637347D0030503E /* AddNoteController.swift */; };
		F4E895B1263742E70030503E /* ProgressViewHelper.swift in Sources */ = {isa = PBXBuildFile; fileRef = F4E895B0263742E70030503E /* ProgressViewHelper.swift */; };
/* End PBXBuildFile section */

/* Begin PBXContainerItemProxy section */
		F483ED1B2633012D00CC2DD7 /* PBXContainerItemProxy */ = {
			isa = PBXContainerItemProxy;
			containerPortal = F483ECFC2633012A00CC2DD7 /* Project object */;
			proxyType = 1;
			remoteGlobalIDString = F483ED032633012A00CC2DD7;
			remoteInfo = noteapp;
		};
		F483ED262633012D00CC2DD7 /* PBXContainerItemProxy */ = {
			isa = PBXContainerItemProxy;
			containerPortal = F483ECFC2633012A00CC2DD7 /* Project object */;
			proxyType = 1;
			remoteGlobalIDString = F483ED032633012A00CC2DD7;
			remoteInfo = noteapp;
		};
/* End PBXContainerItemProxy section */

/* Begin PBXFileReference section */
		F406AF8E263AC198003FE943 /* UpdateNoteAction.swift */ = {isa = PBXFileReference; lastKnownFileType = sourcecode.swift; path = UpdateNoteAction.swift; sourceTree = "<group>"; };
		F406AF91263AC41C003FE943 /* DeleteNoteAction.swift */ = {isa = PBXFileReference; lastKnownFileType = sourcecode.swift; path = DeleteNoteAction.swift; sourceTree = "<group>"; };
		F483ED042633012A00CC2DD7 /* noteapp.app */ = {isa = PBXFileReference; explicitFileType = wrapper.application; includeInIndex = 0; path = noteapp.app; sourceTree = BUILT_PRODUCTS_DIR; };
		F483ED072633012A00CC2DD7 /* AppDelegate.swift */ = {isa = PBXFileReference; lastKnownFileType = sourcecode.swift; path = AppDelegate.swift; sourceTree = "<group>"; };
		F483ED092633012A00CC2DD7 /* SceneDelegate.swift */ = {isa = PBXFileReference; lastKnownFileType = sourcecode.swift; path = SceneDelegate.swift; sourceTree = "<group>"; };
		F483ED0B2633012A00CC2DD7 /* ViewController.swift */ = {isa = PBXFileReference; lastKnownFileType = sourcecode.swift; path = ViewController.swift; sourceTree = "<group>"; };
		F483ED0E2633012A00CC2DD7 /* Base */ = {isa = PBXFileReference; lastKnownFileType = file.storyboard; name = Base; path = Base.lproj/Main.storyboard; sourceTree = "<group>"; };
		F483ED102633012D00CC2DD7 /* Assets.xcassets */ = {isa = PBXFileReference; lastKnownFileType = folder.assetcatalog; path = Assets.xcassets; sourceTree = "<group>"; };
		F483ED132633012D00CC2DD7 /* Base */ = {isa = PBXFileReference; lastKnownFileType = file.storyboard; name = Base; path = Base.lproj/LaunchScreen.storyboard; sourceTree = "<group>"; };
		F483ED152633012D00CC2DD7 /* Info.plist */ = {isa = PBXFileReference; lastKnownFileType = text.plist.xml; path = Info.plist; sourceTree = "<group>"; };
		F483ED1A2633012D00CC2DD7 /* noteappTests.xctest */ = {isa = PBXFileReference; explicitFileType = wrapper.cfbundle; includeInIndex = 0; path = noteappTests.xctest; sourceTree = BUILT_PRODUCTS_DIR; };
		F483ED1E2633012D00CC2DD7 /* noteappTests.swift */ = {isa = PBXFileReference; lastKnownFileType = sourcecode.swift; path = noteappTests.swift; sourceTree = "<group>"; };
		F483ED202633012D00CC2DD7 /* Info.plist */ = {isa = PBXFileReference; lastKnownFileType = text.plist.xml; path = Info.plist; sourceTree = "<group>"; };
		F483ED252633012D00CC2DD7 /* noteappUITests.xctest */ = {isa = PBXFileReference; explicitFileType = wrapper.cfbundle; includeInIndex = 0; path = noteappUITests.xctest; sourceTree = BUILT_PRODUCTS_DIR; };
		F483ED292633012D00CC2DD7 /* noteappUITests.swift */ = {isa = PBXFileReference; lastKnownFileType = sourcecode.swift; path = noteappUITests.swift; sourceTree = "<group>"; };
		F483ED2B2633012D00CC2DD7 /* Info.plist */ = {isa = PBXFileReference; lastKnownFileType = text.plist.xml; path = Info.plist; sourceTree = "<group>"; };
		F483ED452633023B00CC2DD7 /* SignUp.storyboard */ = {isa = PBXFileReference; lastKnownFileType = file.storyboard; path = SignUp.storyboard; sourceTree = "<group>"; };
		F483ED4A2633024800CC2DD7 /* SignUpController.swift */ = {isa = PBXFileReference; lastKnownFileType = sourcecode.swift; path = SignUpController.swift; sourceTree = "<group>"; };
		F483ED522633041F00CC2DD7 /* AuthService.swift */ = {isa = PBXFileReference; lastKnownFileType = sourcecode.swift; path = AuthService.swift; sourceTree = "<group>"; };
		F483ED66263309A300CC2DD7 /* User.swift */ = {isa = PBXFileReference; lastKnownFileType = sourcecode.swift; path = User.swift; sourceTree = "<group>"; };
		F4A53DC626348C6E00FC7FC5 /* Login.storyboard */ = {isa = PBXFileReference; lastKnownFileType = file.storyboard; path = Login.storyboard; sourceTree = "<group>"; };
		F4A53DCB26349C6E00FC7FC5 /* Home.storyboard */ = {isa = PBXFileReference; lastKnownFileType = file.storyboard; path = Home.storyboard; sourceTree = "<group>"; };
		F4A53DD026349C7900FC7FC5 /* HomeController.swift */ = {isa = PBXFileReference; lastKnownFileType = sourcecode.swift; path = HomeController.swift; sourceTree = "<group>"; };
		F4A53DD52634A0B800FC7FC5 /* AppState.swift */ = {isa = PBXFileReference; lastKnownFileType = sourcecode.swift; path = AppState.swift; sourceTree = "<group>"; };
		F4A53DEA2634A5D900FC7FC5 /* SetUserAction.swift */ = {isa = PBXFileReference; lastKnownFileType = sourcecode.swift; path = SetUserAction.swift; sourceTree = "<group>"; };
		F4A53DEF2634A61600FC7FC5 /* Reducer.swift */ = {isa = PBXFileReference; lastKnownFileType = sourcecode.swift; path = Reducer.swift; sourceTree = "<group>"; };
		F4A53DF42634A6BF00FC7FC5 /* Store.swift */ = {isa = PBXFileReference; lastKnownFileType = sourcecode.swift; path = Store.swift; sourceTree = "<group>"; };
		F4A53DF92634B6E900FC7FC5 /* SignOutAction.swift */ = {isa = PBXFileReference; lastKnownFileType = sourcecode.swift; path = SignOutAction.swift; sourceTree = "<group>"; };
		F4A53E0F2634BEFB00FC7FC5 /* String.swift */ = {isa = PBXFileReference; lastKnownFileType = sourcecode.swift; path = String.swift; sourceTree = "<group>"; };
		F4ABEBF02638DE4D00123D46 /* NoteDetail.storyboard */ = {isa = PBXFileReference; lastKnownFileType = file.storyboard; path = NoteDetail.storyboard; sourceTree = "<group>"; };
		F4ABEBF22638DE5900123D46 /* NoteDetailController.swift */ = {isa = PBXFileReference; lastKnownFileType = sourcecode.swift; path = NoteDetailController.swift; sourceTree = "<group>"; };
		F4ABEBF42638E47900123D46 /* AddNotesAction.swift */ = {isa = PBXFileReference; lastKnownFileType = sourcecode.swift; path = AddNotesAction.swift; sourceTree = "<group>"; };
		F4ABEBF62638E55A00123D46 /* NoteHelper.swift */ = {isa = PBXFileReference; lastKnownFileType = sourcecode.swift; path = NoteHelper.swift; sourceTree = "<group>"; };
		F4ABEBF82638F74600123D46 /* DateHelper.swift */ = {isa = PBXFileReference; lastKnownFileType = sourcecode.swift; path = DateHelper.swift; sourceTree = "<group>"; };
		F4E8957E2637077B0030503E /* NoteService.swift */ = {isa = PBXFileReference; lastKnownFileType = sourcecode.swift; path = NoteService.swift; sourceTree = "<group>"; };
		F4E89584263707CA0030503E /* Note.swift */ = {isa = PBXFileReference; lastKnownFileType = sourcecode.swift; path = Note.swift; sourceTree = "<group>"; };
		F4E895A0263726C30030503E /* AddNote.storyboard */ = {isa = PBXFileReference; lastKnownFileType = file.storyboard; path = AddNote.storyboard; sourceTree = "<group>"; };
		F4E895A52637347D0030503E /* AddNoteController.swift */ = {isa = PBXFileReference; lastKnownFileType = sourcecode.swift; path = AddNoteController.swift; sourceTree = "<group>"; };
		F4E895B0263742E70030503E /* ProgressViewHelper.swift */ = {isa = PBXFileReference; lastKnownFileType = sourcecode.swift; path = ProgressViewHelper.swift; sourceTree = "<group>"; };
/* End PBXFileReference section */

/* Begin PBXFrameworksBuildPhase section */
		F483ED012633012A00CC2DD7 /* Frameworks */ = {
			isa = PBXFrameworksBuildPhase;
			buildActionMask = 2147483647;
			files = (
				F4A53E002634BC3300FC7FC5 /* KeychainSwift in Frameworks */,
				F444B0BF2638418300B6FA9D /* IQKeyboardManagerSwift in Frameworks */,
				F483ED5E263307B100CC2DD7 /* SwiftyJSON in Frameworks */,
				F4A53DE52634A58400FC7FC5 /* ReSwift in Frameworks */,
			);
			runOnlyForDeploymentPostprocessing = 0;
		};
		F483ED172633012D00CC2DD7 /* Frameworks */ = {
			isa = PBXFrameworksBuildPhase;
			buildActionMask = 2147483647;
			files = (
			);
			runOnlyForDeploymentPostprocessing = 0;
		};
		F483ED222633012D00CC2DD7 /* Frameworks */ = {
			isa = PBXFrameworksBuildPhase;
			buildActionMask = 2147483647;
			files = (
			);
			runOnlyForDeploymentPostprocessing = 0;
		};
/* End PBXFrameworksBuildPhase section */

/* Begin PBXGroup section */
		F483ECFB2633012A00CC2DD7 = {
			isa = PBXGroup;
			children = (
				F483ED062633012A00CC2DD7 /* noteapp */,
				F483ED1D2633012D00CC2DD7 /* noteappTests */,
				F483ED282633012D00CC2DD7 /* noteappUITests */,
				F483ED052633012A00CC2DD7 /* Products */,
			);
			sourceTree = "<group>";
		};
		F483ED052633012A00CC2DD7 /* Products */ = {
			isa = PBXGroup;
			children = (
				F483ED042633012A00CC2DD7 /* noteapp.app */,
				F483ED1A2633012D00CC2DD7 /* noteappTests.xctest */,
				F483ED252633012D00CC2DD7 /* noteappUITests.xctest */,
			);
			name = Products;
			sourceTree = "<group>";
		};
		F483ED062633012A00CC2DD7 /* noteapp */ = {
			isa = PBXGroup;
			children = (
				F483ED102633012D00CC2DD7 /* Assets.xcassets */,
				F483ED44263301ED00CC2DD7 /* App */,
				F483ED3D263301B100CC2DD7 /* Models */,
				F483ED3E263301B900CC2DD7 /* Extensions */,
				F483ED3F263301C800CC2DD7 /* Helpers */,
				F483ED43263301E500CC2DD7 /* Controllers */,
				F483ED42263301E000CC2DD7 /* Views */,
				F483ED41263301DA00CC2DD7 /* Services */,
			);
			path = noteapp;
			sourceTree = "<group>";
		};
		F483ED1D2633012D00CC2DD7 /* noteappTests */ = {
			isa = PBXGroup;
			children = (
				F483ED1E2633012D00CC2DD7 /* noteappTests.swift */,
				F483ED202633012D00CC2DD7 /* Info.plist */,
			);
			path = noteappTests;
			sourceTree = "<group>";
		};
		F483ED282633012D00CC2DD7 /* noteappUITests */ = {
			isa = PBXGroup;
			children = (
				F483ED292633012D00CC2DD7 /* noteappUITests.swift */,
				F483ED2B2633012D00CC2DD7 /* Info.plist */,
			);
			path = noteappUITests;
			sourceTree = "<group>";
		};
		F483ED3D263301B100CC2DD7 /* Models */ = {
			isa = PBXGroup;
			children = (
				F483ED66263309A300CC2DD7 /* User.swift */,
				F4E89584263707CA0030503E /* Note.swift */,
				F4A53DD52634A0B800FC7FC5 /* AppState.swift */,
				F4A53DEF2634A61600FC7FC5 /* Reducer.swift */,
				F4E89583263707BB0030503E /* Redux */,
			);
			path = Models;
			sourceTree = "<group>";
		};
		F483ED3E263301B900CC2DD7 /* Extensions */ = {
			isa = PBXGroup;
			children = (
				F4A53E0F2634BEFB00FC7FC5 /* String.swift */,
			);
			path = Extensions;
			sourceTree = "<group>";
		};
		F483ED3F263301C800CC2DD7 /* Helpers */ = {
			isa = PBXGroup;
			children = (
				F4E895B0263742E70030503E /* ProgressViewHelper.swift */,
				F4ABEBF62638E55A00123D46 /* NoteHelper.swift */,
				F4ABEBF82638F74600123D46 /* DateHelper.swift */,
			);
			path = Helpers;
			sourceTree = "<group>";
		};
		F483ED41263301DA00CC2DD7 /* Services */ = {
			isa = PBXGroup;
			children = (
				F483ED522633041F00CC2DD7 /* AuthService.swift */,
				F4E8957E2637077B0030503E /* NoteService.swift */,
			);
			path = Services;
			sourceTree = "<group>";
		};
		F483ED42263301E000CC2DD7 /* Views */ = {
			isa = PBXGroup;
			children = (
				F483ED122633012D00CC2DD7 /* LaunchScreen.storyboard */,
				F483ED0D2633012A00CC2DD7 /* Main.storyboard */,
				F4A53DCB26349C6E00FC7FC5 /* Home.storyboard */,
				F4ABEBF02638DE4D00123D46 /* NoteDetail.storyboard */,
				F4E895A0263726C30030503E /* AddNote.storyboard */,
				F4A53DC626348C6E00FC7FC5 /* Login.storyboard */,
				F483ED452633023B00CC2DD7 /* SignUp.storyboard */,
			);
			path = Views;
			sourceTree = "<group>";
		};
		F483ED43263301E500CC2DD7 /* Controllers */ = {
			isa = PBXGroup;
			children = (
				F483ED0B2633012A00CC2DD7 /* ViewController.swift */,
				F483ED4A2633024800CC2DD7 /* SignUpController.swift */,
				F4E895A52637347D0030503E /* AddNoteController.swift */,
				F4ABEBF22638DE5900123D46 /* NoteDetailController.swift */,
				F4A53DD026349C7900FC7FC5 /* HomeController.swift */,
			);
			path = Controllers;
			sourceTree = "<group>";
		};
		F483ED44263301ED00CC2DD7 /* App */ = {
			isa = PBXGroup;
			children = (
				F483ED152633012D00CC2DD7 /* Info.plist */,
				F483ED092633012A00CC2DD7 /* SceneDelegate.swift */,
				F483ED072633012A00CC2DD7 /* AppDelegate.swift */,
			);
			path = App;
			sourceTree = "<group>";
		};
		F4A53DE92634A5CC00FC7FC5 /* Actions */ = {
			isa = PBXGroup;
			children = (
				F4A53DEA2634A5D900FC7FC5 /* SetUserAction.swift */,
				F4A53DF92634B6E900FC7FC5 /* SignOutAction.swift */,
				F4ABEBF42638E47900123D46 /* AddNotesAction.swift */,
				F406AF91263AC41C003FE943 /* DeleteNoteAction.swift */,
				F406AF8E263AC198003FE943 /* UpdateNoteAction.swift */,
			);
			path = Actions;
			sourceTree = "<group>";
		};
		F4E89583263707BB0030503E /* Redux */ = {
			isa = PBXGroup;
			children = (
				F4A53DF42634A6BF00FC7FC5 /* Store.swift */,
				F4A53DE92634A5CC00FC7FC5 /* Actions */,
			);
			path = Redux;
			sourceTree = "<group>";
		};
/* End PBXGroup section */

/* Begin PBXNativeTarget section */
		F483ED032633012A00CC2DD7 /* noteapp */ = {
			isa = PBXNativeTarget;
			buildConfigurationList = F483ED2E2633012D00CC2DD7 /* Build configuration list for PBXNativeTarget "noteapp" */;
			buildPhases = (
				F483ED002633012A00CC2DD7 /* Sources */,
				F483ED012633012A00CC2DD7 /* Frameworks */,
				F483ED022633012A00CC2DD7 /* Resources */,
			);
			buildRules = (
			);
			dependencies = (
			);
			name = noteapp;
			packageProductDependencies = (
				F483ED5D263307B100CC2DD7 /* SwiftyJSON */,
				F4A53DE42634A58400FC7FC5 /* ReSwift */,
				F4A53DFF2634BC3300FC7FC5 /* KeychainSwift */,
				F444B0BE2638418300B6FA9D /* IQKeyboardManagerSwift */,
			);
			productName = noteapp;
			productReference = F483ED042633012A00CC2DD7 /* noteapp.app */;
			productType = "com.apple.product-type.application";
		};
		F483ED192633012D00CC2DD7 /* noteappTests */ = {
			isa = PBXNativeTarget;
			buildConfigurationList = F483ED312633012D00CC2DD7 /* Build configuration list for PBXNativeTarget "noteappTests" */;
			buildPhases = (
				F483ED162633012D00CC2DD7 /* Sources */,
				F483ED172633012D00CC2DD7 /* Frameworks */,
				F483ED182633012D00CC2DD7 /* Resources */,
			);
			buildRules = (
			);
			dependencies = (
				F483ED1C2633012D00CC2DD7 /* PBXTargetDependency */,
			);
			name = noteappTests;
			productName = noteappTests;
			productReference = F483ED1A2633012D00CC2DD7 /* noteappTests.xctest */;
			productType = "com.apple.product-type.bundle.unit-test";
		};
		F483ED242633012D00CC2DD7 /* noteappUITests */ = {
			isa = PBXNativeTarget;
			buildConfigurationList = F483ED342633012D00CC2DD7 /* Build configuration list for PBXNativeTarget "noteappUITests" */;
			buildPhases = (
				F483ED212633012D00CC2DD7 /* Sources */,
				F483ED222633012D00CC2DD7 /* Frameworks */,
				F483ED232633012D00CC2DD7 /* Resources */,
			);
			buildRules = (
			);
			dependencies = (
				F483ED272633012D00CC2DD7 /* PBXTargetDependency */,
			);
			name = noteappUITests;
			productName = noteappUITests;
			productReference = F483ED252633012D00CC2DD7 /* noteappUITests.xctest */;
			productType = "com.apple.product-type.bundle.ui-testing";
		};
/* End PBXNativeTarget section */

/* Begin PBXProject section */
		F483ECFC2633012A00CC2DD7 /* Project object */ = {
			isa = PBXProject;
			attributes = {
				LastSwiftUpdateCheck = 1240;
				LastUpgradeCheck = 1240;
				TargetAttributes = {
					F483ED032633012A00CC2DD7 = {
						CreatedOnToolsVersion = 12.4;
					};
					F483ED192633012D00CC2DD7 = {
						CreatedOnToolsVersion = 12.4;
						TestTargetID = F483ED032633012A00CC2DD7;
					};
					F483ED242633012D00CC2DD7 = {
						CreatedOnToolsVersion = 12.4;
						TestTargetID = F483ED032633012A00CC2DD7;
					};
				};
			};
			buildConfigurationList = F483ECFF2633012A00CC2DD7 /* Build configuration list for PBXProject "noteapp" */;
			compatibilityVersion = "Xcode 9.3";
			developmentRegion = en;
			hasScannedForEncodings = 0;
			knownRegions = (
				en,
				Base,
			);
			mainGroup = F483ECFB2633012A00CC2DD7;
			packageReferences = (
				F483ED5C263307B100CC2DD7 /* XCRemoteSwiftPackageReference "SwiftyJSON" */,
				F4A53DE32634A58400FC7FC5 /* XCRemoteSwiftPackageReference "ReSwift" */,
				F4A53DFE2634BC3300FC7FC5 /* XCRemoteSwiftPackageReference "keychain-swift" */,
				F444B0BD2638418300B6FA9D /* XCRemoteSwiftPackageReference "IQKeyboardManager" */,
			);
			productRefGroup = F483ED052633012A00CC2DD7 /* Products */;
			projectDirPath = "";
			projectRoot = "";
			targets = (
				F483ED032633012A00CC2DD7 /* noteapp */,
				F483ED192633012D00CC2DD7 /* noteappTests */,
				F483ED242633012D00CC2DD7 /* noteappUITests */,
			);
		};
/* End PBXProject section */

/* Begin PBXResourcesBuildPhase section */
		F483ED022633012A00CC2DD7 /* Resources */ = {
			isa = PBXResourcesBuildPhase;
			buildActionMask = 2147483647;
			files = (
				F483ED142633012D00CC2DD7 /* LaunchScreen.storyboard in Resources */,
				F4E895A1263726C30030503E /* AddNote.storyboard in Resources */,
				F483ED112633012D00CC2DD7 /* Assets.xcassets in Resources */,
				F483ED462633023B00CC2DD7 /* SignUp.storyboard in Resources */,
				F4A53DCC26349C6E00FC7FC5 /* Home.storyboard in Resources */,
				F4ABEBF12638DE4D00123D46 /* NoteDetail.storyboard in Resources */,
				F4A53DC726348C6E00FC7FC5 /* Login.storyboard in Resources */,
				F483ED0F2633012A00CC2DD7 /* Main.storyboard in Resources */,
			);
			runOnlyForDeploymentPostprocessing = 0;
		};
		F483ED182633012D00CC2DD7 /* Resources */ = {
			isa = PBXResourcesBuildPhase;
			buildActionMask = 2147483647;
			files = (
			);
			runOnlyForDeploymentPostprocessing = 0;
		};
		F483ED232633012D00CC2DD7 /* Resources */ = {
			isa = PBXResourcesBuildPhase;
			buildActionMask = 2147483647;
			files = (
			);
			runOnlyForDeploymentPostprocessing = 0;
		};
/* End PBXResourcesBuildPhase section */

/* Begin PBXSourcesBuildPhase section */
		F483ED002633012A00CC2DD7 /* Sources */ = {
			isa = PBXSourcesBuildPhase;
			buildActionMask = 2147483647;
			files = (
				F483ED0C2633012A00CC2DD7 /* ViewController.swift in Sources */,
				F4A53E102634BEFB00FC7FC5 /* String.swift in Sources */,
				F483ED082633012A00CC2DD7 /* AppDelegate.swift in Sources */,
				F4A53DD126349C7900FC7FC5 /* HomeController.swift in Sources */,
				F4A53DD62634A0B800FC7FC5 /* AppState.swift in Sources */,
				F4E895A62637347D0030503E /* AddNoteController.swift in Sources */,
				F4E89585263707CA0030503E /* Note.swift in Sources */,
				F4A53DEB2634A5D900FC7FC5 /* SetUserAction.swift in Sources */,
				F4A53DFA2634B6E900FC7FC5 /* SignOutAction.swift in Sources */,
				F406AF92263AC41C003FE943 /* DeleteNoteAction.swift in Sources */,
				F4E8957F2637077B0030503E /* NoteService.swift in Sources */,
				F406AF8F263AC198003FE943 /* UpdateNoteAction.swift in Sources */,
				F4ABEBF52638E47900123D46 /* AddNotesAction.swift in Sources */,
				F4ABEBF72638E55A00123D46 /* NoteHelper.swift in Sources */,
				F4ABEBF32638DE5900123D46 /* NoteDetailController.swift in Sources */,
				F483ED67263309A300CC2DD7 /* User.swift in Sources */,
				F4A53DF52634A6BF00FC7FC5 /* Store.swift in Sources */,
				F4E895B1263742E70030503E /* ProgressViewHelper.swift in Sources */,
				F4ABEBF92638F74600123D46 /* DateHelper.swift in Sources */,
				F483ED532633041F00CC2DD7 /* AuthService.swift in Sources */,
				F483ED0A2633012A00CC2DD7 /* SceneDelegate.swift in Sources */,
				F4A53DF02634A61600FC7FC5 /* Reducer.swift in Sources */,
				F483ED4B2633024800CC2DD7 /* SignUpController.swift in Sources */,
			);
			runOnlyForDeploymentPostprocessing = 0;
		};
		F483ED162633012D00CC2DD7 /* Sources */ = {
			isa = PBXSourcesBuildPhase;
			buildActionMask = 2147483647;
			files = (
				F483ED1F2633012D00CC2DD7 /* noteappTests.swift in Sources */,
			);
			runOnlyForDeploymentPostprocessing = 0;
		};
		F483ED212633012D00CC2DD7 /* Sources */ = {
			isa = PBXSourcesBuildPhase;
			buildActionMask = 2147483647;
			files = (
				F483ED2A2633012D00CC2DD7 /* noteappUITests.swift in Sources */,
			);
			runOnlyForDeploymentPostprocessing = 0;
		};
/* End PBXSourcesBuildPhase section */

/* Begin PBXTargetDependency section */
		F483ED1C2633012D00CC2DD7 /* PBXTargetDependency */ = {
			isa = PBXTargetDependency;
			target = F483ED032633012A00CC2DD7 /* noteapp */;
			targetProxy = F483ED1B2633012D00CC2DD7 /* PBXContainerItemProxy */;
		};
		F483ED272633012D00CC2DD7 /* PBXTargetDependency */ = {
			isa = PBXTargetDependency;
			target = F483ED032633012A00CC2DD7 /* noteapp */;
			targetProxy = F483ED262633012D00CC2DD7 /* PBXContainerItemProxy */;
		};
/* End PBXTargetDependency section */

/* Begin PBXVariantGroup section */
		F483ED0D2633012A00CC2DD7 /* Main.storyboard */ = {
			isa = PBXVariantGroup;
			children = (
				F483ED0E2633012A00CC2DD7 /* Base */,
			);
			name = Main.storyboard;
			sourceTree = "<group>";
		};
		F483ED122633012D00CC2DD7 /* LaunchScreen.storyboard */ = {
			isa = PBXVariantGroup;
			children = (
				F483ED132633012D00CC2DD7 /* Base */,
			);
			name = LaunchScreen.storyboard;
			sourceTree = "<group>";
		};
/* End PBXVariantGroup section */

/* Begin XCBuildConfiguration section */
		F483ED2C2633012D00CC2DD7 /* Debug */ = {
			isa = XCBuildConfiguration;
			buildSettings = {
				ALWAYS_SEARCH_USER_PATHS = NO;
				CLANG_ANALYZER_NONNULL = YES;
				CLANG_ANALYZER_NUMBER_OBJECT_CONVERSION = YES_AGGRESSIVE;
				CLANG_CXX_LANGUAGE_STANDARD = "gnu++14";
				CLANG_CXX_LIBRARY = "libc++";
				CLANG_ENABLE_MODULES = YES;
				CLANG_ENABLE_OBJC_ARC = YES;
				CLANG_ENABLE_OBJC_WEAK = YES;
				CLANG_WARN_BLOCK_CAPTURE_AUTORELEASING = YES;
				CLANG_WARN_BOOL_CONVERSION = YES;
				CLANG_WARN_COMMA = YES;
				CLANG_WARN_CONSTANT_CONVERSION = YES;
				CLANG_WARN_DEPRECATED_OBJC_IMPLEMENTATIONS = YES;
				CLANG_WARN_DIRECT_OBJC_ISA_USAGE = YES_ERROR;
				CLANG_WARN_DOCUMENTATION_COMMENTS = YES;
				CLANG_WARN_EMPTY_BODY = YES;
				CLANG_WARN_ENUM_CONVERSION = YES;
				CLANG_WARN_INFINITE_RECURSION = YES;
				CLANG_WARN_INT_CONVERSION = YES;
				CLANG_WARN_NON_LITERAL_NULL_CONVERSION = YES;
				CLANG_WARN_OBJC_IMPLICIT_RETAIN_SELF = YES;
				CLANG_WARN_OBJC_LITERAL_CONVERSION = YES;
				CLANG_WARN_OBJC_ROOT_CLASS = YES_ERROR;
				CLANG_WARN_QUOTED_INCLUDE_IN_FRAMEWORK_HEADER = YES;
				CLANG_WARN_RANGE_LOOP_ANALYSIS = YES;
				CLANG_WARN_STRICT_PROTOTYPES = YES;
				CLANG_WARN_SUSPICIOUS_MOVE = YES;
				CLANG_WARN_UNGUARDED_AVAILABILITY = YES_AGGRESSIVE;
				CLANG_WARN_UNREACHABLE_CODE = YES;
				CLANG_WARN__DUPLICATE_METHOD_MATCH = YES;
				COPY_PHASE_STRIP = NO;
				DEBUG_INFORMATION_FORMAT = dwarf;
				ENABLE_STRICT_OBJC_MSGSEND = YES;
				ENABLE_TESTABILITY = YES;
				GCC_C_LANGUAGE_STANDARD = gnu11;
				GCC_DYNAMIC_NO_PIC = NO;
				GCC_NO_COMMON_BLOCKS = YES;
				GCC_OPTIMIZATION_LEVEL = 0;
				GCC_PREPROCESSOR_DEFINITIONS = (
					"DEBUG=1",
					"$(inherited)",
				);
				GCC_WARN_64_TO_32_BIT_CONVERSION = YES;
				GCC_WARN_ABOUT_RETURN_TYPE = YES_ERROR;
				GCC_WARN_UNDECLARED_SELECTOR = YES;
				GCC_WARN_UNINITIALIZED_AUTOS = YES_AGGRESSIVE;
				GCC_WARN_UNUSED_FUNCTION = YES;
				GCC_WARN_UNUSED_VARIABLE = YES;
				IPHONEOS_DEPLOYMENT_TARGET = 13.0;
				MTL_ENABLE_DEBUG_INFO = INCLUDE_SOURCE;
				MTL_FAST_MATH = YES;
				ONLY_ACTIVE_ARCH = YES;
				SDKROOT = iphoneos;
				SWIFT_ACTIVE_COMPILATION_CONDITIONS = DEBUG;
				SWIFT_OPTIMIZATION_LEVEL = "-Onone";
			};
			name = Debug;
		};
		F483ED2D2633012D00CC2DD7 /* Release */ = {
			isa = XCBuildConfiguration;
			buildSettings = {
				ALWAYS_SEARCH_USER_PATHS = NO;
				CLANG_ANALYZER_NONNULL = YES;
				CLANG_ANALYZER_NUMBER_OBJECT_CONVERSION = YES_AGGRESSIVE;
				CLANG_CXX_LANGUAGE_STANDARD = "gnu++14";
				CLANG_CXX_LIBRARY = "libc++";
				CLANG_ENABLE_MODULES = YES;
				CLANG_ENABLE_OBJC_ARC = YES;
				CLANG_ENABLE_OBJC_WEAK = YES;
				CLANG_WARN_BLOCK_CAPTURE_AUTORELEASING = YES;
				CLANG_WARN_BOOL_CONVERSION = YES;
				CLANG_WARN_COMMA = YES;
				CLANG_WARN_CONSTANT_CONVERSION = YES;
				CLANG_WARN_DEPRECATED_OBJC_IMPLEMENTATIONS = YES;
				CLANG_WARN_DIRECT_OBJC_ISA_USAGE = YES_ERROR;
				CLANG_WARN_DOCUMENTATION_COMMENTS = YES;
				CLANG_WARN_EMPTY_BODY = YES;
				CLANG_WARN_ENUM_CONVERSION = YES;
				CLANG_WARN_INFINITE_RECURSION = YES;
				CLANG_WARN_INT_CONVERSION = YES;
				CLANG_WARN_NON_LITERAL_NULL_CONVERSION = YES;
				CLANG_WARN_OBJC_IMPLICIT_RETAIN_SELF = YES;
				CLANG_WARN_OBJC_LITERAL_CONVERSION = YES;
				CLANG_WARN_OBJC_ROOT_CLASS = YES_ERROR;
				CLANG_WARN_QUOTED_INCLUDE_IN_FRAMEWORK_HEADER = YES;
				CLANG_WARN_RANGE_LOOP_ANALYSIS = YES;
				CLANG_WARN_STRICT_PROTOTYPES = YES;
				CLANG_WARN_SUSPICIOUS_MOVE = YES;
				CLANG_WARN_UNGUARDED_AVAILABILITY = YES_AGGRESSIVE;
				CLANG_WARN_UNREACHABLE_CODE = YES;
				CLANG_WARN__DUPLICATE_METHOD_MATCH = YES;
				COPY_PHASE_STRIP = NO;
				DEBUG_INFORMATION_FORMAT = "dwarf-with-dsym";
				ENABLE_NS_ASSERTIONS = NO;
				ENABLE_STRICT_OBJC_MSGSEND = YES;
				GCC_C_LANGUAGE_STANDARD = gnu11;
				GCC_NO_COMMON_BLOCKS = YES;
				GCC_WARN_64_TO_32_BIT_CONVERSION = YES;
				GCC_WARN_ABOUT_RETURN_TYPE = YES_ERROR;
				GCC_WARN_UNDECLARED_SELECTOR = YES;
				GCC_WARN_UNINITIALIZED_AUTOS = YES_AGGRESSIVE;
				GCC_WARN_UNUSED_FUNCTION = YES;
				GCC_WARN_UNUSED_VARIABLE = YES;
				IPHONEOS_DEPLOYMENT_TARGET = 13.0;
				MTL_ENABLE_DEBUG_INFO = NO;
				MTL_FAST_MATH = YES;
				SDKROOT = iphoneos;
				SWIFT_COMPILATION_MODE = wholemodule;
				SWIFT_OPTIMIZATION_LEVEL = "-O";
				VALIDATE_PRODUCT = YES;
			};
			name = Release;
		};
		F483ED2F2633012D00CC2DD7 /* Debug */ = {
			isa = XCBuildConfiguration;
			buildSettings = {
				ASSETCATALOG_COMPILER_APPICON_NAME = AppIcon;
				ASSETCATALOG_COMPILER_GLOBAL_ACCENT_COLOR_NAME = AccentColor;
				CODE_SIGN_STYLE = Automatic;
				DEVELOPMENT_TEAM = QH78WN2XWN;
				INFOPLIST_FILE = noteapp/App/Info.plist;
				LD_RUNPATH_SEARCH_PATHS = (
					"$(inherited)",
					"@executable_path/Frameworks",
				);
				PRODUCT_BUNDLE_IDENTIFIER = com.kaya.noteapp;
				PRODUCT_NAME = "$(TARGET_NAME)";
				SWIFT_VERSION = 5.0;
				TARGETED_DEVICE_FAMILY = "1,2";
			};
			name = Debug;
		};
		F483ED302633012D00CC2DD7 /* Release */ = {
			isa = XCBuildConfiguration;
			buildSettings = {
				ASSETCATALOG_COMPILER_APPICON_NAME = AppIcon;
				ASSETCATALOG_COMPILER_GLOBAL_ACCENT_COLOR_NAME = AccentColor;
				CODE_SIGN_STYLE = Automatic;
				DEVELOPMENT_TEAM = QH78WN2XWN;
				INFOPLIST_FILE = noteapp/App/Info.plist;
				LD_RUNPATH_SEARCH_PATHS = (
					"$(inherited)",
					"@executable_path/Frameworks",
				);
				PRODUCT_BUNDLE_IDENTIFIER = com.kaya.noteapp;
				PRODUCT_NAME = "$(TARGET_NAME)";
				SWIFT_VERSION = 5.0;
				TARGETED_DEVICE_FAMILY = "1,2";
			};
			name = Release;
		};
		F483ED322633012D00CC2DD7 /* Debug */ = {
			isa = XCBuildConfiguration;
			buildSettings = {
				ALWAYS_EMBED_SWIFT_STANDARD_LIBRARIES = YES;
				BUNDLE_LOADER = "$(TEST_HOST)";
				CODE_SIGN_STYLE = Automatic;
				DEVELOPMENT_TEAM = QH78WN2XWN;
				INFOPLIST_FILE = noteappTests/Info.plist;
				IPHONEOS_DEPLOYMENT_TARGET = 14.4;
				LD_RUNPATH_SEARCH_PATHS = (
					"$(inherited)",
					"@executable_path/Frameworks",
					"@loader_path/Frameworks",
				);
				PRODUCT_BUNDLE_IDENTIFIER = com.kaya.noteappTests;
				PRODUCT_NAME = "$(TARGET_NAME)";
				SWIFT_VERSION = 5.0;
				TARGETED_DEVICE_FAMILY = "1,2";
				TEST_HOST = "$(BUILT_PRODUCTS_DIR)/noteapp.app/noteapp";
			};
			name = Debug;
		};
		F483ED332633012D00CC2DD7 /* Release */ = {
			isa = XCBuildConfiguration;
			buildSettings = {
				ALWAYS_EMBED_SWIFT_STANDARD_LIBRARIES = YES;
				BUNDLE_LOADER = "$(TEST_HOST)";
				CODE_SIGN_STYLE = Automatic;
				DEVELOPMENT_TEAM = QH78WN2XWN;
				INFOPLIST_FILE = noteappTests/Info.plist;
				IPHONEOS_DEPLOYMENT_TARGET = 14.4;
				LD_RUNPATH_SEARCH_PATHS = (
					"$(inherited)",
					"@executable_path/Frameworks",
					"@loader_path/Frameworks",
				);
				PRODUCT_BUNDLE_IDENTIFIER = com.kaya.noteappTests;
				PRODUCT_NAME = "$(TARGET_NAME)";
				SWIFT_VERSION = 5.0;
				TARGETED_DEVICE_FAMILY = "1,2";
				TEST_HOST = "$(BUILT_PRODUCTS_DIR)/noteapp.app/noteapp";
			};
			name = Release;
		};
		F483ED352633012D00CC2DD7 /* Debug */ = {
			isa = XCBuildConfiguration;
			buildSettings = {
				ALWAYS_EMBED_SWIFT_STANDARD_LIBRARIES = YES;
				CODE_SIGN_STYLE = Automatic;
				DEVELOPMENT_TEAM = QH78WN2XWN;
				INFOPLIST_FILE = noteappUITests/Info.plist;
				LD_RUNPATH_SEARCH_PATHS = (
					"$(inherited)",
					"@executable_path/Frameworks",
					"@loader_path/Frameworks",
				);
				PRODUCT_BUNDLE_IDENTIFIER = com.kaya.noteappUITests;
				PRODUCT_NAME = "$(TARGET_NAME)";
				SWIFT_VERSION = 5.0;
				TARGETED_DEVICE_FAMILY = "1,2";
				TEST_TARGET_NAME = noteapp;
			};
			name = Debug;
		};
		F483ED362633012D00CC2DD7 /* Release */ = {
			isa = XCBuildConfiguration;
			buildSettings = {
				ALWAYS_EMBED_SWIFT_STANDARD_LIBRARIES = YES;
				CODE_SIGN_STYLE = Automatic;
				DEVELOPMENT_TEAM = QH78WN2XWN;
				INFOPLIST_FILE = noteappUITests/Info.plist;
				LD_RUNPATH_SEARCH_PATHS = (
					"$(inherited)",
					"@executable_path/Frameworks",
					"@loader_path/Frameworks",
				);
				PRODUCT_BUNDLE_IDENTIFIER = com.kaya.noteappUITests;
				PRODUCT_NAME = "$(TARGET_NAME)";
				SWIFT_VERSION = 5.0;
				TARGETED_DEVICE_FAMILY = "1,2";
				TEST_TARGET_NAME = noteapp;
			};
			name = Release;
		};
/* End XCBuildConfiguration section */

/* Begin XCConfigurationList section */
		F483ECFF2633012A00CC2DD7 /* Build configuration list for PBXProject "noteapp" */ = {
			isa = XCConfigurationList;
			buildConfigurations = (
				F483ED2C2633012D00CC2DD7 /* Debug */,
				F483ED2D2633012D00CC2DD7 /* Release */,
			);
			defaultConfigurationIsVisible = 0;
			defaultConfigurationName = Release;
		};
		F483ED2E2633012D00CC2DD7 /* Build configuration list for PBXNativeTarget "noteapp" */ = {
			isa = XCConfigurationList;
			buildConfigurations = (
				F483ED2F2633012D00CC2DD7 /* Debug */,
				F483ED302633012D00CC2DD7 /* Release */,
			);
			defaultConfigurationIsVisible = 0;
			defaultConfigurationName = Release;
		};
		F483ED312633012D00CC2DD7 /* Build configuration list for PBXNativeTarget "noteappTests" */ = {
			isa = XCConfigurationList;
			buildConfigurations = (
				F483ED322633012D00CC2DD7 /* Debug */,
				F483ED332633012D00CC2DD7 /* Release */,
			);
			defaultConfigurationIsVisible = 0;
			defaultConfigurationName = Release;
		};
		F483ED342633012D00CC2DD7 /* Build configuration list for PBXNativeTarget "noteappUITests" */ = {
			isa = XCConfigurationList;
			buildConfigurations = (
				F483ED352633012D00CC2DD7 /* Debug */,
				F483ED362633012D00CC2DD7 /* Release */,
			);
			defaultConfigurationIsVisible = 0;
			defaultConfigurationName = Release;
		};
/* End XCConfigurationList section */

/* Begin XCRemoteSwiftPackageReference section */
		F444B0BD2638418300B6FA9D /* XCRemoteSwiftPackageReference "IQKeyboardManager" */ = {
			isa = XCRemoteSwiftPackageReference;
			repositoryURL = "https://github.com/hackiftekhar/IQKeyboardManager.git";
			requirement = {
				kind = upToNextMajorVersion;
				minimumVersion = 6.5.6;
			};
		};
		F483ED5C263307B100CC2DD7 /* XCRemoteSwiftPackageReference "SwiftyJSON" */ = {
			isa = XCRemoteSwiftPackageReference;
			repositoryURL = "https://github.com/SwiftyJSON/SwiftyJSON.git";
			requirement = {
				kind = upToNextMajorVersion;
				minimumVersion = 5.0.1;
			};
		};
		F4A53DE32634A58400FC7FC5 /* XCRemoteSwiftPackageReference "ReSwift" */ = {
			isa = XCRemoteSwiftPackageReference;
			repositoryURL = "https://github.com/ReSwift/ReSwift";
			requirement = {
				kind = upToNextMajorVersion;
				minimumVersion = 6.0.0;
			};
		};
		F4A53DFE2634BC3300FC7FC5 /* XCRemoteSwiftPackageReference "keychain-swift" */ = {
			isa = XCRemoteSwiftPackageReference;
			repositoryURL = "https://github.com/evgenyneu/keychain-swift.git";
			requirement = {
				kind = upToNextMajorVersion;
				minimumVersion = 19.0.0;
			};
		};
/* End XCRemoteSwiftPackageReference section */

/* Begin XCSwiftPackageProductDependency section */
		F444B0BE2638418300B6FA9D /* IQKeyboardManagerSwift */ = {
			isa = XCSwiftPackageProductDependency;
			package = F444B0BD2638418300B6FA9D /* XCRemoteSwiftPackageReference "IQKeyboardManager" */;
			productName = IQKeyboardManagerSwift;
		};
		F483ED5D263307B100CC2DD7 /* SwiftyJSON */ = {
			isa = XCSwiftPackageProductDependency;
			package = F483ED5C263307B100CC2DD7 /* XCRemoteSwiftPackageReference "SwiftyJSON" */;
			productName = SwiftyJSON;
		};
		F4A53DE42634A58400FC7FC5 /* ReSwift */ = {
			isa = XCSwiftPackageProductDependency;
			package = F4A53DE32634A58400FC7FC5 /* XCRemoteSwiftPackageReference "ReSwift" */;
			productName = ReSwift;
		};
		F4A53DFF2634BC3300FC7FC5 /* KeychainSwift */ = {
			isa = XCSwiftPackageProductDependency;
			package = F4A53DFE2634BC3300FC7FC5 /* XCRemoteSwiftPackageReference "keychain-swift" */;
			productName = KeychainSwift;
		};
/* End XCSwiftPackageProductDependency section */
	};
	rootObject = F483ECFC2633012A00CC2DD7 /* Project object */;
}
